// !$*UTF8*$!
{
	archiveVersion = 1;
	classes = {
	};
	objectVersion = 56;
	objects = {

/* Begin PBXBuildFile section */
		8F1DD37F2EBF5EE90030F6C7 /* AppConfiguration.swift in Sources */ = {isa = PBXBuildFile; fileRef = 8F1DD37C2EBF5EE90030F6C7 /* AppConfiguration.swift */; };
		8F1DD3802EBF5EE90030F6C7 /* MessageHandler.swift in Sources */ = {isa = PBXBuildFile; fileRef = 8F1DD37D2EBF5EE90030F6C7 /* MessageHandler.swift */; };
		8F1DD3812EBF5EE90030F6C7 /* NetworkMessage.swift in Sources */ = {isa = PBXBuildFile; fileRef = 8F1DD37E2EBF5EE90030F6C7 /* NetworkMessage.swift */; };
		8F3D1FB92C09A9CD000D34B0 /* PrincipalIcon.swift in Sources */ = {isa = PBXBuildFile; fileRef = 8F3D1FB82C09A9CD000D34B0 /* PrincipalIcon.swift */; };
		8F3D1FBB2C09ABFA000D34B0 /* ScoreModel.swift in Sources */ = {isa = PBXBuildFile; fileRef = 8F3D1FBA2C09ABFA000D34B0 /* ScoreModel.swift */; };
		8F44ADA22C0C15450058914A /* CrayButtton.swift in Sources */ = {isa = PBXBuildFile; fileRef = 8F44ADA12C0C15450058914A /* CrayButtton.swift */; };
		8F44ADA42C0C190C0058914A /* CustomButtonStyle.swift in Sources */ = {isa = PBXBuildFile; fileRef = 8F44ADA32C0C190C0058914A /* CustomButtonStyle.swift */; };
		8F44ADA62C0C772B0058914A /* TopUIGrroupView.swift in Sources */ = {isa = PBXBuildFile; fileRef = 8F44ADA52C0C772B0058914A /* TopUIGrroupView.swift */; };
		8F5B90722C14094400F0BF33 /* HostSelectModalView.swift in Sources */ = {isa = PBXBuildFile; fileRef = 8F5B90712C14094400F0BF33 /* HostSelectModalView.swift */; };
		8F6B2ABD2BEAFC6700A2E23F /* DocumentPickerView.swift in Sources */ = {isa = PBXBuildFile; fileRef = 8F6B2ABC2BEAFC6700A2E23F /* DocumentPickerView.swift */; };
		8F6B2ABF2BEAFC9600A2E23F /* UserDictionaryView.swift in Sources */ = {isa = PBXBuildFile; fileRef = 8F6B2ABE2BEAFC9600A2E23F /* UserDictionaryView.swift */; };
		8F6B2AC32BEAFFAC00A2E23F /* EntryListItemView.swift in Sources */ = {isa = PBXBuildFile; fileRef = 8F6B2AC22BEAFFAC00A2E23F /* EntryListItemView.swift */; };
		8F6B2AC52BEB012700A2E23F /* JudgeView.swift in Sources */ = {isa = PBXBuildFile; fileRef = 8F6B2AC42BEB012700A2E23F /* JudgeView.swift */; };
		8F6B2AC72BEC461A00A2E23F /* TrackableList.swift in Sources */ = {isa = PBXBuildFile; fileRef = 8F6B2AC62BEC461A00A2E23F /* TrackableList.swift */; };
		8F6B2ACB2BEDBBE500A2E23F /* SocketManager.swift in Sources */ = {isa = PBXBuildFile; fileRef = 8F6B2ACA2BEDBBE500A2E23F /* SocketManager.swift */; };
		8FB7252F2C11A0E800951DD6 /* UIDeviceEx.swift in Sources */ = {isa = PBXBuildFile; fileRef = 8FB7252E2C11A0E800951DD6 /* UIDeviceEx.swift */; };
		8FC5BB9C2BEAF657007D6758 /* nexthouselab_hostApp.swift in Sources */ = {isa = PBXBuildFile; fileRef = 8FC5BB9B2BEAF657007D6758 /* nexthouselab_hostApp.swift */; };
		8FC5BB9E2BEAF657007D6758 /* ContentView.swift in Sources */ = {isa = PBXBuildFile; fileRef = 8FC5BB9D2BEAF657007D6758 /* ContentView.swift */; };
		8FC5BBA02BEAF659007D6758 /* Assets.xcassets in Resources */ = {isa = PBXBuildFile; fileRef = 8FC5BB9F2BEAF659007D6758 /* Assets.xcassets */; };
		8FC5BBA32BEAF659007D6758 /* Preview Assets.xcassets in Resources */ = {isa = PBXBuildFile; fileRef = 8FC5BBA22BEAF659007D6758 /* Preview Assets.xcassets */; };
		8FC5BBAB2BEAF6F0007D6758 /* MainView.swift in Sources */ = {isa = PBXBuildFile; fileRef = 8FC5BBAA2BEAF6F0007D6758 /* MainView.swift */; };
		8FD586852BFC7F0100B2F775 /* Message.swift in Sources */ = {isa = PBXBuildFile; fileRef = 8FD586842BFC7F0100B2F775 /* Message.swift */; };
		8FD586872BFC814900B2F775 /* JudgeName.swift in Sources */ = {isa = PBXBuildFile; fileRef = 8FD586862BFC814900B2F775 /* JudgeName.swift */; };
		8FD586892BFC816200B2F775 /* EntryName.swift in Sources */ = {isa = PBXBuildFile; fileRef = 8FD586882BFC816200B2F775 /* EntryName.swift */; };
		8FF8EA9F2EAC973100B54608 /* PeerManager.swift in Sources */ = {isa = PBXBuildFile; fileRef = 8FF8EA9E2EAC972900B54608 /* PeerManager.swift */; };
/* End PBXBuildFile section */

/* Begin PBXFileReference section */
		8F1DD37C2EBF5EE90030F6C7 /* AppConfiguration.swift */ = {isa = PBXFileReference; lastKnownFileType = sourcecode.swift; path = AppConfiguration.swift; sourceTree = "<group>"; };
		8F1DD37D2EBF5EE90030F6C7 /* MessageHandler.swift */ = {isa = PBXFileReference; lastKnownFileType = sourcecode.swift; path = MessageHandler.swift; sourceTree = "<group>"; };
		8F1DD37E2EBF5EE90030F6C7 /* NetworkMessage.swift */ = {isa = PBXFileReference; lastKnownFileType = sourcecode.swift; path = NetworkMessage.swift; sourceTree = "<group>"; };
		8F3D1FB82C09A9CD000D34B0 /* PrincipalIcon.swift */ = {isa = PBXFileReference; lastKnownFileType = sourcecode.swift; path = PrincipalIcon.swift; sourceTree = "<group>"; };
		8F3D1FBA2C09ABFA000D34B0 /* ScoreModel.swift */ = {isa = PBXFileReference; lastKnownFileType = sourcecode.swift; path = ScoreModel.swift; sourceTree = "<group>"; };
		8F44ADA12C0C15450058914A /* CrayButtton.swift */ = {isa = PBXFileReference; lastKnownFileType = sourcecode.swift; path = CrayButtton.swift; sourceTree = "<group>"; };
		8F44ADA32C0C190C0058914A /* CustomButtonStyle.swift */ = {isa = PBXFileReference; lastKnownFileType = sourcecode.swift; path = CustomButtonStyle.swift; sourceTree = "<group>"; };
		8F44ADA52C0C772B0058914A /* TopUIGrroupView.swift */ = {isa = PBXFileReference; lastKnownFileType = sourcecode.swift; path = TopUIGrroupView.swift; sourceTree = "<group>"; };
		8F5B90712C14094400F0BF33 /* HostSelectModalView.swift */ = {isa = PBXFileReference; lastKnownFileType = sourcecode.swift; path = HostSelectModalView.swift; sourceTree = "<group>"; };
		8F6B2ABC2BEAFC6700A2E23F /* DocumentPickerView.swift */ = {isa = PBXFileReference; lastKnownFileType = sourcecode.swift; path = DocumentPickerView.swift; sourceTree = "<group>"; };
		8F6B2ABE2BEAFC9600A2E23F /* UserDictionaryView.swift */ = {isa = PBXFileReference; lastKnownFileType = sourcecode.swift; path = UserDictionaryView.swift; sourceTree = "<group>"; };
		8F6B2AC22BEAFFAC00A2E23F /* EntryListItemView.swift */ = {isa = PBXFileReference; lastKnownFileType = sourcecode.swift; path = EntryListItemView.swift; sourceTree = "<group>"; };
		8F6B2AC42BEB012700A2E23F /* JudgeView.swift */ = {isa = PBXFileReference; lastKnownFileType = sourcecode.swift; path = JudgeView.swift; sourceTree = "<group>"; };
		8F6B2AC62BEC461A00A2E23F /* TrackableList.swift */ = {isa = PBXFileReference; lastKnownFileType = sourcecode.swift; path = TrackableList.swift; sourceTree = "<group>"; };
		8F6B2ACA2BEDBBE500A2E23F /* SocketManager.swift */ = {isa = PBXFileReference; lastKnownFileType = sourcecode.swift; path = SocketManager.swift; sourceTree = "<group>"; };
		8FB6051D2C04DD7C00A20BE5 /* Info.plist */ = {isa = PBXFileReference; lastKnownFileType = text.plist; path = Info.plist; sourceTree = "<group>"; };
		8FB7252E2C11A0E800951DD6 /* UIDeviceEx.swift */ = {isa = PBXFileReference; lastKnownFileType = sourcecode.swift; path = UIDeviceEx.swift; sourceTree = "<group>"; };
		8FC5BB982BEAF656007D6758 /* nexthouselab-host.app */ = {isa = PBXFileReference; explicitFileType = wrapper.application; includeInIndex = 0; path = "nexthouselab-host.app"; sourceTree = BUILT_PRODUCTS_DIR; };
		8FC5BB9B2BEAF657007D6758 /* nexthouselab_hostApp.swift */ = {isa = PBXFileReference; lastKnownFileType = sourcecode.swift; path = nexthouselab_hostApp.swift; sourceTree = "<group>"; };
		8FC5BB9D2BEAF657007D6758 /* ContentView.swift */ = {isa = PBXFileReference; lastKnownFileType = sourcecode.swift; path = ContentView.swift; sourceTree = "<group>"; };
		8FC5BB9F2BEAF659007D6758 /* Assets.xcassets */ = {isa = PBXFileReference; lastKnownFileType = folder.assetcatalog; path = Assets.xcassets; sourceTree = "<group>"; };
		8FC5BBA22BEAF659007D6758 /* Preview Assets.xcassets */ = {isa = PBXFileReference; lastKnownFileType = folder.assetcatalog; path = "Preview Assets.xcassets"; sourceTree = "<group>"; };
		8FC5BBAA2BEAF6F0007D6758 /* MainView.swift */ = {isa = PBXFileReference; lastKnownFileType = sourcecode.swift; path = MainView.swift; sourceTree = "<group>"; };
		8FD586842BFC7F0100B2F775 /* Message.swift */ = {isa = PBXFileReference; lastKnownFileType = sourcecode.swift; path = Message.swift; sourceTree = "<group>"; };
		8FD586862BFC814900B2F775 /* JudgeName.swift */ = {isa = PBXFileReference; lastKnownFileType = sourcecode.swift; path = JudgeName.swift; sourceTree = "<group>"; };
		8FD586882BFC816200B2F775 /* EntryName.swift */ = {isa = PBXFileReference; lastKnownFileType = sourcecode.swift; path = EntryName.swift; sourceTree = "<group>"; };
		8FF8EA9E2EAC972900B54608 /* PeerManager.swift */ = {isa = PBXFileReference; lastKnownFileType = sourcecode.swift; path = PeerManager.swift; sourceTree = "<group>"; };
/* End PBXFileReference section */

/* Begin PBXFrameworksBuildPhase section */
		8FC5BB952BEAF656007D6758 /* Frameworks */ = {
			isa = PBXFrameworksBuildPhase;
			buildActionMask = 2147483647;
			files = (
			);
			runOnlyForDeploymentPostprocessing = 0;
		};
/* End PBXFrameworksBuildPhase section */

/* Begin PBXGroup section */
		8F5EE0152D2279BF00E138F0 /* Model */ = {
			isa = PBXGroup;
			children = (
				8FD586842BFC7F0100B2F775 /* Message.swift */,
				8FD586862BFC814900B2F775 /* JudgeName.swift */,
				8FD586882BFC816200B2F775 /* EntryName.swift */,
				8F3D1FBA2C09ABFA000D34B0 /* ScoreModel.swift */,
				8F1DD37C2EBF5EE90030F6C7 /* AppConfiguration.swift */,
				8F1DD37D2EBF5EE90030F6C7 /* MessageHandler.swift */,
				8F1DD37E2EBF5EE90030F6C7 /* NetworkMessage.swift */,
			);
			path = Model;
			sourceTree = "<group>";
		};
		8F6B2AC02BEAFF4F00A2E23F /* Ex */ = {
			isa = PBXGroup;
			children = (
				8F6B2ABC2BEAFC6700A2E23F /* DocumentPickerView.swift */,
				8F6B2AC62BEC461A00A2E23F /* TrackableList.swift */,
				8FB7252E2C11A0E800951DD6 /* UIDeviceEx.swift */,
			);
			path = Ex;
			sourceTree = "<group>";
		};
		8F6B2AC12BEAFF5C00A2E23F /* Component */ = {
			isa = PBXGroup;
			children = (
				8F6B2ABE2BEAFC9600A2E23F /* UserDictionaryView.swift */,
				8F6B2AC22BEAFFAC00A2E23F /* EntryListItemView.swift */,
				8F6B2AC42BEB012700A2E23F /* JudgeView.swift */,
				8F3D1FB82C09A9CD000D34B0 /* PrincipalIcon.swift */,
				8F44ADA12C0C15450058914A /* CrayButtton.swift */,
				8F44ADA32C0C190C0058914A /* CustomButtonStyle.swift */,
				8F44ADA52C0C772B0058914A /* TopUIGrroupView.swift */,
				8F5B90712C14094400F0BF33 /* HostSelectModalView.swift */,
			);
			path = Component;
			sourceTree = "<group>";
		};
		8F6B2ACD2BEDC07500A2E23F /* Socket */ = {
			isa = PBXGroup;
			children = (
				8FF8EA9E2EAC972900B54608 /* PeerManager.swift */,
				8F6B2ACA2BEDBBE500A2E23F /* SocketManager.swift */,
			);
			path = Socket;
			sourceTree = "<group>";
		};
		8FC5BB8F2BEAF656007D6758 = {
			isa = PBXGroup;
			children = (
				8FC5BB9A2BEAF656007D6758 /* nexthouselab-host */,
				8FC5BB992BEAF656007D6758 /* Products */,
			);
			sourceTree = "<group>";
		};
		8FC5BB992BEAF656007D6758 /* Products */ = {
			isa = PBXGroup;
			children = (
				8FC5BB982BEAF656007D6758 /* nexthouselab-host.app */,
			);
			name = Products;
			sourceTree = "<group>";
		};
		8FC5BB9A2BEAF656007D6758 /* nexthouselab-host */ = {
			isa = PBXGroup;
			children = (
				8F5EE0152D2279BF00E138F0 /* Model */,
				8FB6051D2C04DD7C00A20BE5 /* Info.plist */,
				8F6B2ACD2BEDC07500A2E23F /* Socket */,
				8F6B2AC02BEAFF4F00A2E23F /* Ex */,
				8FC5BBA92BEAF6DE007D6758 /* View */,
				8FC5BB9B2BEAF657007D6758 /* nexthouselab_hostApp.swift */,
				8FC5BB9D2BEAF657007D6758 /* ContentView.swift */,
				8FC5BB9F2BEAF659007D6758 /* Assets.xcassets */,
				8FC5BBA12BEAF659007D6758 /* Preview Content */,
			);
			path = "nexthouselab-host";
			sourceTree = "<group>";
		};
		8FC5BBA12BEAF659007D6758 /* Preview Content */ = {
			isa = PBXGroup;
			children = (
				8FC5BBA22BEAF659007D6758 /* Preview Assets.xcassets */,
			);
			path = "Preview Content";
			sourceTree = "<group>";
		};
		8FC5BBA92BEAF6DE007D6758 /* View */ = {
			isa = PBXGroup;
			children = (
				8F6B2AC12BEAFF5C00A2E23F /* Component */,
				8FC5BBAA2BEAF6F0007D6758 /* MainView.swift */,
			);
			path = View;
			sourceTree = "<group>";
		};
/* End PBXGroup section */

/* Begin PBXNativeTarget section */
		8FC5BB972BEAF656007D6758 /* nexthouselab-host */ = {
			isa = PBXNativeTarget;
			buildConfigurationList = 8FC5BBA62BEAF659007D6758 /* Build configuration list for PBXNativeTarget "nexthouselab-host" */;
			buildPhases = (
				8FC5BB942BEAF656007D6758 /* Sources */,
				8FC5BB952BEAF656007D6758 /* Frameworks */,
				8FC5BB962BEAF656007D6758 /* Resources */,
			);
			buildRules = (
			);
			dependencies = (
			);
			name = "nexthouselab-host";
			productName = "nexthouselab-host";
			productReference = 8FC5BB982BEAF656007D6758 /* nexthouselab-host.app */;
			productType = "com.apple.product-type.application";
		};
/* End PBXNativeTarget section */

/* Begin PBXProject section */
		8FC5BB902BEAF656007D6758 /* Project object */ = {
			isa = PBXProject;
			attributes = {
				BuildIndependentTargetsInParallel = 1;
				LastSwiftUpdateCheck = 1530;
				LastUpgradeCheck = 1530;
				TargetAttributes = {
					8FC5BB972BEAF656007D6758 = {
						CreatedOnToolsVersion = 15.3;
					};
				};
			};
			buildConfigurationList = 8FC5BB932BEAF656007D6758 /* Build configuration list for PBXProject "nexthouselab-host" */;
			compatibilityVersion = "Xcode 14.0";
			developmentRegion = en;
			hasScannedForEncodings = 0;
			knownRegions = (
				en,
				Base,
			);
			mainGroup = 8FC5BB8F2BEAF656007D6758;
			productRefGroup = 8FC5BB992BEAF656007D6758 /* Products */;
			projectDirPath = "";
			projectRoot = "";
			targets = (
				8FC5BB972BEAF656007D6758 /* nexthouselab-host */,
			);
		};
/* End PBXProject section */

/* Begin PBXResourcesBuildPhase section */
		8FC5BB962BEAF656007D6758 /* Resources */ = {
			isa = PBXResourcesBuildPhase;
			buildActionMask = 2147483647;
			files = (
				8FC5BBA32BEAF659007D6758 /* Preview Assets.xcassets in Resources */,
				8FC5BBA02BEAF659007D6758 /* Assets.xcassets in Resources */,
			);
			runOnlyForDeploymentPostprocessing = 0;
		};
/* End PBXResourcesBuildPhase section */

/* Begin PBXSourcesBuildPhase section */
		8FC5BB942BEAF656007D6758 /* Sources */ = {
			isa = PBXSourcesBuildPhase;
			buildActionMask = 2147483647;
			files = (
				8F44ADA42C0C190C0058914A /* CustomButtonStyle.swift in Sources */,
				8FB7252F2C11A0E800951DD6 /* UIDeviceEx.swift in Sources */,
				8F3D1FB92C09A9CD000D34B0 /* PrincipalIcon.swift in Sources */,
				8FC5BB9E2BEAF657007D6758 /* ContentView.swift in Sources */,
				8FD586892BFC816200B2F775 /* EntryName.swift in Sources */,
				8FC5BBAB2BEAF6F0007D6758 /* MainView.swift in Sources */,
				8F6B2AC32BEAFFAC00A2E23F /* EntryListItemView.swift in Sources */,
				8F6B2AC72BEC461A00A2E23F /* TrackableList.swift in Sources */,
				8F6B2ACB2BEDBBE500A2E23F /* SocketManager.swift in Sources */,
				8F3D1FBB2C09ABFA000D34B0 /* ScoreModel.swift in Sources */,
				8F44ADA62C0C772B0058914A /* TopUIGrroupView.swift in Sources */,
				8F5B90722C14094400F0BF33 /* HostSelectModalView.swift in Sources */,
				8F1DD37F2EBF5EE90030F6C7 /* AppConfiguration.swift in Sources */,
				8F1DD3802EBF5EE90030F6C7 /* MessageHandler.swift in Sources */,
				8F1DD3812EBF5EE90030F6C7 /* NetworkMessage.swift in Sources */,
				8FD586872BFC814900B2F775 /* JudgeName.swift in Sources */,
				8FD586852BFC7F0100B2F775 /* Message.swift in Sources */,
				8F6B2AC52BEB012700A2E23F /* JudgeView.swift in Sources */,
				8FC5BB9C2BEAF657007D6758 /* nexthouselab_hostApp.swift in Sources */,
				8F44ADA22C0C15450058914A /* CrayButtton.swift in Sources */,
				8FF8EA9F2EAC973100B54608 /* PeerManager.swift in Sources */,
				8F6B2ABD2BEAFC6700A2E23F /* DocumentPickerView.swift in Sources */,
				8F6B2ABF2BEAFC9600A2E23F /* UserDictionaryView.swift in Sources */,
			);
			runOnlyForDeploymentPostprocessing = 0;
		};
/* End PBXSourcesBuildPhase section */

/* Begin XCBuildConfiguration section */
		8FC5BBA42BEAF659007D6758 /* Debug */ = {
			isa = XCBuildConfiguration;
			buildSettings = {
				ALWAYS_SEARCH_USER_PATHS = NO;
				ASSETCATALOG_COMPILER_GENERATE_SWIFT_ASSET_SYMBOL_EXTENSIONS = YES;
				CLANG_ANALYZER_NONNULL = YES;
				CLANG_ANALYZER_NUMBER_OBJECT_CONVERSION = YES_AGGRESSIVE;
				CLANG_CXX_LANGUAGE_STANDARD = "gnu++20";
				CLANG_ENABLE_MODULES = YES;
				CLANG_ENABLE_OBJC_ARC = YES;
				CLANG_ENABLE_OBJC_WEAK = YES;
				CLANG_WARN_BLOCK_CAPTURE_AUTORELEASING = YES;
				CLANG_WARN_BOOL_CONVERSION = YES;
				CLANG_WARN_COMMA = YES;
				CLANG_WARN_CONSTANT_CONVERSION = YES;
				CLANG_WARN_DEPRECATED_OBJC_IMPLEMENTATIONS = YES;
				CLANG_WARN_DIRECT_OBJC_ISA_USAGE = YES_ERROR;
				CLANG_WARN_DOCUMENTATION_COMMENTS = YES;
				CLANG_WARN_EMPTY_BODY = YES;
				CLANG_WARN_ENUM_CONVERSION = YES;
				CLANG_WARN_INFINITE_RECURSION = YES;
				CLANG_WARN_INT_CONVERSION = YES;
				CLANG_WARN_NON_LITERAL_NULL_CONVERSION = YES;
				CLANG_WARN_OBJC_IMPLICIT_RETAIN_SELF = YES;
				CLANG_WARN_OBJC_LITERAL_CONVERSION = YES;
				CLANG_WARN_OBJC_ROOT_CLASS = YES_ERROR;
				CLANG_WARN_QUOTED_INCLUDE_IN_FRAMEWORK_HEADER = YES;
				CLANG_WARN_RANGE_LOOP_ANALYSIS = YES;
				CLANG_WARN_STRICT_PROTOTYPES = YES;
				CLANG_WARN_SUSPICIOUS_MOVE = YES;
				CLANG_WARN_UNGUARDED_AVAILABILITY = YES_AGGRESSIVE;
				CLANG_WARN_UNREACHABLE_CODE = YES;
				CLANG_WARN__DUPLICATE_METHOD_MATCH = YES;
				COPY_PHASE_STRIP = NO;
				DEBUG_INFORMATION_FORMAT = dwarf;
				ENABLE_STRICT_OBJC_MSGSEND = YES;
				ENABLE_TESTABILITY = YES;
				ENABLE_USER_SCRIPT_SANDBOXING = YES;
				GCC_C_LANGUAGE_STANDARD = gnu17;
				GCC_DYNAMIC_NO_PIC = NO;
				GCC_NO_COMMON_BLOCKS = YES;
				GCC_OPTIMIZATION_LEVEL = 0;
				GCC_PREPROCESSOR_DEFINITIONS = (
					"DEBUG=1",
					"$(inherited)",
				);
				GCC_WARN_64_TO_32_BIT_CONVERSION = YES;
				GCC_WARN_ABOUT_RETURN_TYPE = YES_ERROR;
				GCC_WARN_UNDECLARED_SELECTOR = YES;
				GCC_WARN_UNINITIALIZED_AUTOS = YES_AGGRESSIVE;
				GCC_WARN_UNUSED_FUNCTION = YES;
				GCC_WARN_UNUSED_VARIABLE = YES;
				IPHONEOS_DEPLOYMENT_TARGET = 17.4;
				LOCALIZATION_PREFERS_STRING_CATALOGS = YES;
				MTL_ENABLE_DEBUG_INFO = INCLUDE_SOURCE;
				MTL_FAST_MATH = YES;
				ONLY_ACTIVE_ARCH = YES;
				SDKROOT = iphoneos;
				SWIFT_ACTIVE_COMPILATION_CONDITIONS = "DEBUG $(inherited)";
				SWIFT_OPTIMIZATION_LEVEL = "-Onone";
			};
			name = Debug;
		};
		8FC5BBA52BEAF659007D6758 /* Release */ = {
			isa = XCBuildConfiguration;
			buildSettings = {
				ALWAYS_SEARCH_USER_PATHS = NO;
				ASSETCATALOG_COMPILER_GENERATE_SWIFT_ASSET_SYMBOL_EXTENSIONS = YES;
				CLANG_ANALYZER_NONNULL = YES;
				CLANG_ANALYZER_NUMBER_OBJECT_CONVERSION = YES_AGGRESSIVE;
				CLANG_CXX_LANGUAGE_STANDARD = "gnu++20";
				CLANG_ENABLE_MODULES = YES;
				CLANG_ENABLE_OBJC_ARC = YES;
				CLANG_ENABLE_OBJC_WEAK = YES;
				CLANG_WARN_BLOCK_CAPTURE_AUTORELEASING = YES;
				CLANG_WARN_BOOL_CONVERSION = YES;
				CLANG_WARN_COMMA = YES;
				CLANG_WARN_CONSTANT_CONVERSION = YES;
				CLANG_WARN_DEPRECATED_OBJC_IMPLEMENTATIONS = YES;
				CLANG_WARN_DIRECT_OBJC_ISA_USAGE = YES_ERROR;
				CLANG_WARN_DOCUMENTATION_COMMENTS = YES;
				CLANG_WARN_EMPTY_BODY = YES;
				CLANG_WARN_ENUM_CONVERSION = YES;
				CLANG_WARN_INFINITE_RECURSION = YES;
				CLANG_WARN_INT_CONVERSION = YES;
				CLANG_WARN_NON_LITERAL_NULL_CONVERSION = YES;
				CLANG_WARN_OBJC_IMPLICIT_RETAIN_SELF = YES;
				CLANG_WARN_OBJC_LITERAL_CONVERSION = YES;
				CLANG_WARN_OBJC_ROOT_CLASS = YES_ERROR;
				CLANG_WARN_QUOTED_INCLUDE_IN_FRAMEWORK_HEADER = YES;
				CLANG_WARN_RANGE_LOOP_ANALYSIS = YES;
				CLANG_WARN_STRICT_PROTOTYPES = YES;
				CLANG_WARN_SUSPICIOUS_MOVE = YES;
				CLANG_WARN_UNGUARDED_AVAILABILITY = YES_AGGRESSIVE;
				CLANG_WARN_UNREACHABLE_CODE = YES;
				CLANG_WARN__DUPLICATE_METHOD_MATCH = YES;
				COPY_PHASE_STRIP = NO;
				DEBUG_INFORMATION_FORMAT = "dwarf-with-dsym";
				ENABLE_NS_ASSERTIONS = NO;
				ENABLE_STRICT_OBJC_MSGSEND = YES;
				ENABLE_USER_SCRIPT_SANDBOXING = YES;
				GCC_C_LANGUAGE_STANDARD = gnu17;
				GCC_NO_COMMON_BLOCKS = YES;
				GCC_WARN_64_TO_32_BIT_CONVERSION = YES;
				GCC_WARN_ABOUT_RETURN_TYPE = YES_ERROR;
				GCC_WARN_UNDECLARED_SELECTOR = YES;
				GCC_WARN_UNINITIALIZED_AUTOS = YES_AGGRESSIVE;
				GCC_WARN_UNUSED_FUNCTION = YES;
				GCC_WARN_UNUSED_VARIABLE = YES;
				IPHONEOS_DEPLOYMENT_TARGET = 17.4;
				LOCALIZATION_PREFERS_STRING_CATALOGS = YES;
				MTL_ENABLE_DEBUG_INFO = NO;
				MTL_FAST_MATH = YES;
				SDKROOT = iphoneos;
				SWIFT_COMPILATION_MODE = wholemodule;
				VALIDATE_PRODUCT = YES;
			};
			name = Release;
		};
		8FC5BBA72BEAF659007D6758 /* Debug */ = {
			isa = XCBuildConfiguration;
			buildSettings = {
				ASSETCATALOG_COMPILER_APPICON_NAME = AppIcon;
				ASSETCATALOG_COMPILER_GLOBAL_ACCENT_COLOR_NAME = AccentColor;
				CODE_SIGN_STYLE = Automatic;
				CURRENT_PROJECT_VERSION = 1;
				DEVELOPMENT_ASSET_PATHS = "\"nexthouselab-host/Preview Content\"";
				DEVELOPMENT_TEAM = RW9N8FZHM7;
				ENABLE_PREVIEWS = YES;
				GENERATE_INFOPLIST_FILE = YES;
				INFOPLIST_FILE = "nexthouselab-host/Info.plist";
				INFOPLIST_KEY_LSApplicationCategoryType = "public.app-category.entertainment";
				INFOPLIST_KEY_NSLocalNetworkUsageDescription = "このアプリはローカルネットワーク通信を使用します";
				INFOPLIST_KEY_UIApplicationSceneManifest_Generation = YES;
				INFOPLIST_KEY_UIApplicationSupportsIndirectInputEvents = YES;
				INFOPLIST_KEY_UISupportedInterfaceOrientations = "UIInterfaceOrientationLandscapeLeft UIInterfaceOrientationLandscapeRight";
				INFOPLIST_KEY_UISupportedInterfaceOrientations_iPad = "UIInterfaceOrientationLandscapeLeft UIInterfaceOrientationLandscapeRight UIInterfaceOrientationPortrait UIInterfaceOrientationPortraitUpsideDown";
				INFOPLIST_KEY_UIUserInterfaceStyle = Light;
				LD_RUNPATH_SEARCH_PATHS = (
					"$(inherited)",
					"@executable_path/Frameworks",
				);
				MARKETING_VERSION = 3.2.2;
				PRODUCT_BUNDLE_IDENTIFIER = "com.kyamisuke.nexthouselab-host";
				PRODUCT_NAME = "$(TARGET_NAME)";
				SUPPORTED_PLATFORMS = "iphoneos iphonesimulator";
				SUPPORTS_MACCATALYST = NO;
				SUPPORTS_MAC_DESIGNED_FOR_IPHONE_IPAD = NO;
				SUPPORTS_XR_DESIGNED_FOR_IPHONE_IPAD = NO;
				SWIFT_EMIT_LOC_STRINGS = YES;
				SWIFT_VERSION = 5.0;
				TARGETED_DEVICE_FAMILY = 2;
			};
			name = Debug;
		};
		8FC5BBA82BEAF659007D6758 /* Release */ = {
			isa = XCBuildConfiguration;
			buildSettings = {
				ASSETCATALOG_COMPILER_APPICON_NAME = AppIcon;
				ASSETCATALOG_COMPILER_GLOBAL_ACCENT_COLOR_NAME = AccentColor;
				CODE_SIGN_STYLE = Automatic;
				CURRENT_PROJECT_VERSION = 1;
				DEVELOPMENT_ASSET_PATHS = "\"nexthouselab-host/Preview Content\"";
				DEVELOPMENT_TEAM = RW9N8FZHM7;
				ENABLE_PREVIEWS = YES;
				GENERATE_INFOPLIST_FILE = YES;
				INFOPLIST_FILE = "nexthouselab-host/Info.plist";
				INFOPLIST_KEY_LSApplicationCategoryType = "public.app-category.entertainment";
				INFOPLIST_KEY_NSLocalNetworkUsageDescription = "このアプリはローカルネットワーク通信を使用します";
				INFOPLIST_KEY_UIApplicationSceneManifest_Generation = YES;
				INFOPLIST_KEY_UIApplicationSupportsIndirectInputEvents = YES;
				INFOPLIST_KEY_UISupportedInterfaceOrientations = "UIInterfaceOrientationLandscapeLeft UIInterfaceOrientationLandscapeRight";
				INFOPLIST_KEY_UISupportedInterfaceOrientations_iPad = "UIInterfaceOrientationLandscapeLeft UIInterfaceOrientationLandscapeRight UIInterfaceOrientationPortrait UIInterfaceOrientationPortraitUpsideDown";
				INFOPLIST_KEY_UIUserInterfaceStyle = Light;
				LD_RUNPATH_SEARCH_PATHS = (
					"$(inherited)",
					"@executable_path/Frameworks",
				);
				MARKETING_VERSION = 3.2.2;
				PRODUCT_BUNDLE_IDENTIFIER = "com.kyamisuke.nexthouselab-host";
				PRODUCT_NAME = "$(TARGET_NAME)";
				SUPPORTED_PLATFORMS = "iphoneos iphonesimulator";
				SUPPORTS_MACCATALYST = NO;
				SUPPORTS_MAC_DESIGNED_FOR_IPHONE_IPAD = NO;
				SUPPORTS_XR_DESIGNED_FOR_IPHONE_IPAD = NO;
				SWIFT_EMIT_LOC_STRINGS = YES;
				SWIFT_VERSION = 5.0;
				TARGETED_DEVICE_FAMILY = 2;
			};
			name = Release;
		};
/* End XCBuildConfiguration section */

/* Begin XCConfigurationList section */
		8FC5BB932BEAF656007D6758 /* Build configuration list for PBXProject "nexthouselab-host" */ = {
			isa = XCConfigurationList;
			buildConfigurations = (
				8FC5BBA42BEAF659007D6758 /* Debug */,
				8FC5BBA52BEAF659007D6758 /* Release */,
			);
			defaultConfigurationIsVisible = 0;
			defaultConfigurationName = Release;
		};
		8FC5BBA62BEAF659007D6758 /* Build configuration list for PBXNativeTarget "nexthouselab-host" */ = {
			isa = XCConfigurationList;
			buildConfigurations = (
				8FC5BBA72BEAF659007D6758 /* Debug */,
				8FC5BBA82BEAF659007D6758 /* Release */,
			);
			defaultConfigurationIsVisible = 0;
			defaultConfigurationName = Release;
		};
/* End XCConfigurationList section */
	};
	rootObject = 8FC5BB902BEAF656007D6758 /* Project object */;
}
